
Microsoft Visual Studio Solution File, Format Version 12.00
# Visual Studio Version 17
VisualStudioVersion = 17.6.33829.357
MinimumVisualStudioVersion = 10.0.40219.1
Project("{9A19103F-16F7-4668-BE54-9A1E7A4F7556}") = "BinaAz", "BinaAz.csproj", "{6F621DB7-9641-4102-B8B7-475732AB5373}"
EndProject
Global
	GlobalSection(SolutionConfigurationPlatforms) = preSolution
		Debug|Any CPU = Debug|Any CPU
		Release|Any CPU = Release|Any CPU
	EndGlobalSection
	GlobalSection(ProjectConfigurationPlatforms) = postSolution
		{6F621DB7-9641-4102-B8B7-475732AB5373}.Debug|Any CPU.ActiveCfg = Debug|Any CPU
		{6F621DB7-9641-4102-B8B7-475732AB5373}.Debug|Any CPU.Build.0 = Debug|Any CPU
		{6F621DB7-9641-4102-B8B7-475732AB5373}.Release|Any CPU.ActiveCfg = Release|Any CPU
		{6F621DB7-9641-4102-B8B7-475732AB5373}.Release|Any CPU.Build.0 = Release|Any CPU
	EndGlobalSection
	GlobalSection(SolutionProperties) = preSolution
		HideSolutionNode = FALSE
	EndGlobalSection
	GlobalSection(ExtensibilityGlobals) = postSolution
		SolutionGuid = {4413C302-7D72-43B7-9832-200DA87EE3A4}
	EndGlobalSection
EndGlobal
